
Microsoft Visual Studio Solution File, Format Version 12.00
# Visual Studio 15
VisualStudioVersion = 15.0.27428.2037
MinimumVisualStudioVersion = 10.0.40219.1
Project("{FAE04EC0-301F-11D3-BF4B-00C04F79EFBC}") = "atf2png", "atf2png\atf2png.csproj", "{EBB8BCEC-AFD0-4CED-9BC9-CC66B4969B8D}"
EndProject
Project("{FAE04EC0-301F-11D3-BF4B-00C04F79EFBC}") = "ATF", "ATF\ATF.csproj", "{963D8E1D-5271-4059-A1A7-72E8D2B11423}"
EndProject
Global
	GlobalSection(SolutionConfigurationPlatforms) = preSolution
		Debug|Any CPU = Debug|Any CPU
		Release|Any CPU = Release|Any CPU
	EndGlobalSection
	GlobalSection(ProjectConfigurationPlatforms) = postSolution
		{EBB8BCEC-AFD0-4CED-9BC9-CC66B4969B8D}.Debug|Any CPU.ActiveCfg = Debug|Any CPU
		{EBB8BCEC-AFD0-4CED-9BC9-CC66B4969B8D}.Debug|Any CPU.Build.0 = Debug|Any CPU
		{EBB8BCEC-AFD0-4CED-9BC9-CC66B4969B8D}.Release|Any CPU.ActiveCfg = Release|Any CPU
		{EBB8BCEC-AFD0-4CED-9BC9-CC66B4969B8D}.Release|Any CPU.Build.0 = Release|Any CPU
		{963D8E1D-5271-4059-A1A7-72E8D2B11423}.Debug|Any CPU.ActiveCfg = Debug|Any CPU
		{963D8E1D-5271-4059-A1A7-72E8D2B11423}.Debug|Any CPU.Build.0 = Debug|Any CPU
		{963D8E1D-5271-4059-A1A7-72E8D2B11423}.Release|Any CPU.ActiveCfg = Release|Any CPU
		{963D8E1D-5271-4059-A1A7-72E8D2B11423}.Release|Any CPU.Build.0 = Release|Any CPU
	EndGlobalSection
	GlobalSection(SolutionProperties) = preSolution
		HideSolutionNode = FALSE
	EndGlobalSection
	GlobalSection(ExtensibilityGlobals) = postSolution
		SolutionGuid = {6C68E70C-83AC-4426-951F-AE4D0C837A6A}
	EndGlobalSection
EndGlobal
